// !$*UTF8*$!
{
	archiveVersion = 1;
	classes = {
	};
	objectVersion = 56;
	objects = {

/* Begin PBXBuildFile section */
		3B3F228D2B11D7DC00351261 /* Pretendard-Bold.otf in Resources */ = {isa = PBXBuildFile; fileRef = 3B3F228C2B11D7DC00351261 /* Pretendard-Bold.otf */; };
		3B3F228F2B11D7FB00351261 /* Pretendard-SemiBold.otf in Resources */ = {isa = PBXBuildFile; fileRef = 3B3F228E2B11D7FB00351261 /* Pretendard-SemiBold.otf */; };
		3B3F22912B11D80600351261 /* Pretendard-Regular.otf in Resources */ = {isa = PBXBuildFile; fileRef = 3B3F22902B11D80600351261 /* Pretendard-Regular.otf */; };
		FBDDEFB42B11C6D500CB6B7C /* DittoCommunityApp.swift in Sources */ = {isa = PBXBuildFile; fileRef = FBDDEFB32B11C6D500CB6B7C /* DittoCommunityApp.swift */; };
		FBDDEFB82B11C6D600CB6B7C /* Assets.xcassets in Resources */ = {isa = PBXBuildFile; fileRef = FBDDEFB72B11C6D600CB6B7C /* Assets.xcassets */; };
		FBDDEFBB2B11C6D600CB6B7C /* Preview Assets.xcassets in Resources */ = {isa = PBXBuildFile; fileRef = FBDDEFBA2B11C6D600CB6B7C /* Preview Assets.xcassets */; };
		FBDDEFC32B11C75400CB6B7C /* MightyCombine in Frameworks */ = {isa = PBXBuildFile; productRef = FBDDEFC22B11C75400CB6B7C /* MightyCombine */; };
		FBDDEFC52B11C75400CB6B7C /* MightySwift in Frameworks */ = {isa = PBXBuildFile; productRef = FBDDEFC42B11C75400CB6B7C /* MightySwift */; };
		FBDDEFCD2B11CCB700CB6B7C /* MainTabView.swift in Sources */ = {isa = PBXBuildFile; fileRef = FBDDEFCC2B11CCB700CB6B7C /* MainTabView.swift */; };
		FBDDEFD02B11D2E500CB6B7C /* Color+DesignSystem.swift in Sources */ = {isa = PBXBuildFile; fileRef = FBDDEFCF2B11D2E500CB6B7C /* Color+DesignSystem.swift */; };
		FBDDEFD22B11D2F100CB6B7C /* Font+DesignSystem.swift in Sources */ = {isa = PBXBuildFile; fileRef = FBDDEFD12B11D2F100CB6B7C /* Font+DesignSystem.swift */; };
		FBDDEFD52B11DA9A00CB6B7C /* CustomModal.swift in Sources */ = {isa = PBXBuildFile; fileRef = FBDDEFD42B11DA9A00CB6B7C /* CustomModal.swift */; };
		FBDDEFD72B11DA9D00CB6B7C /* Profile.swift in Sources */ = {isa = PBXBuildFile; fileRef = FBDDEFD62B11DA9D00CB6B7C /* Profile.swift */; };
		FBDDEFD92B11DAA100CB6B7C /* Feed.swift in Sources */ = {isa = PBXBuildFile; fileRef = FBDDEFD82B11DAA100CB6B7C /* Feed.swift */; };
		FBDDEFDC2B11DC8E00CB6B7C /* SympathyTestView.swift in Sources */ = {isa = PBXBuildFile; fileRef = FBDDEFDB2B11DC8E00CB6B7C /* SympathyTestView.swift */; };
/* End PBXBuildFile section */

/* Begin PBXFileReference section */
		3B3F228C2B11D7DC00351261 /* Pretendard-Bold.otf */ = {isa = PBXFileReference; lastKnownFileType = file; path = "Pretendard-Bold.otf"; sourceTree = "<group>"; };
		3B3F228E2B11D7FB00351261 /* Pretendard-SemiBold.otf */ = {isa = PBXFileReference; lastKnownFileType = file; path = "Pretendard-SemiBold.otf"; sourceTree = "<group>"; };
		3B3F22902B11D80600351261 /* Pretendard-Regular.otf */ = {isa = PBXFileReference; lastKnownFileType = file; path = "Pretendard-Regular.otf"; sourceTree = "<group>"; };
		3B3F22922B11D9D300351261 /* Info.plist */ = {isa = PBXFileReference; lastKnownFileType = text.plist; path = Info.plist; sourceTree = "<group>"; };
		FBDDEFB02B11C6D500CB6B7C /* DittoCommunity.app */ = {isa = PBXFileReference; explicitFileType = wrapper.application; includeInIndex = 0; path = DittoCommunity.app; sourceTree = BUILT_PRODUCTS_DIR; };
		FBDDEFB32B11C6D500CB6B7C /* DittoCommunityApp.swift */ = {isa = PBXFileReference; lastKnownFileType = sourcecode.swift; path = DittoCommunityApp.swift; sourceTree = "<group>"; };
		FBDDEFB72B11C6D600CB6B7C /* Assets.xcassets */ = {isa = PBXFileReference; lastKnownFileType = folder.assetcatalog; path = Assets.xcassets; sourceTree = "<group>"; };
		FBDDEFBA2B11C6D600CB6B7C /* Preview Assets.xcassets */ = {isa = PBXFileReference; lastKnownFileType = folder.assetcatalog; path = "Preview Assets.xcassets"; sourceTree = "<group>"; };
		FBDDEFCC2B11CCB700CB6B7C /* MainTabView.swift */ = {isa = PBXFileReference; lastKnownFileType = sourcecode.swift; path = MainTabView.swift; sourceTree = "<group>"; };
		FBDDEFCF2B11D2E500CB6B7C /* Color+DesignSystem.swift */ = {isa = PBXFileReference; lastKnownFileType = sourcecode.swift; path = "Color+DesignSystem.swift"; sourceTree = "<group>"; };
		FBDDEFD12B11D2F100CB6B7C /* Font+DesignSystem.swift */ = {isa = PBXFileReference; lastKnownFileType = sourcecode.swift; path = "Font+DesignSystem.swift"; sourceTree = "<group>"; };
		FBDDEFD42B11DA9A00CB6B7C /* CustomModal.swift */ = {isa = PBXFileReference; lastKnownFileType = sourcecode.swift; path = CustomModal.swift; sourceTree = "<group>"; };
		FBDDEFD62B11DA9D00CB6B7C /* Profile.swift */ = {isa = PBXFileReference; lastKnownFileType = sourcecode.swift; path = Profile.swift; sourceTree = "<group>"; };
		FBDDEFD82B11DAA100CB6B7C /* Feed.swift */ = {isa = PBXFileReference; lastKnownFileType = sourcecode.swift; path = Feed.swift; sourceTree = "<group>"; };
		FBDDEFDB2B11DC8E00CB6B7C /* SympathyTestView.swift */ = {isa = PBXFileReference; lastKnownFileType = sourcecode.swift; path = SympathyTestView.swift; sourceTree = "<group>"; };
/* End PBXFileReference section */

/* Begin PBXFrameworksBuildPhase section */
		FBDDEFAD2B11C6D500CB6B7C /* Frameworks */ = {
			isa = PBXFrameworksBuildPhase;
			buildActionMask = 2147483647;
			files = (
				FBDDEFC52B11C75400CB6B7C /* MightySwift in Frameworks */,
				FBDDEFC32B11C75400CB6B7C /* MightyCombine in Frameworks */,
			);
			runOnlyForDeploymentPostprocessing = 0;
		};
/* End PBXFrameworksBuildPhase section */

/* Begin PBXGroup section */
		3B3F228B2B11D77F00351261 /* Fonts */ = {
			isa = PBXGroup;
			children = (
				3B3F228C2B11D7DC00351261 /* Pretendard-Bold.otf */,
				3B3F228E2B11D7FB00351261 /* Pretendard-SemiBold.otf */,
				3B3F22902B11D80600351261 /* Pretendard-Regular.otf */,
			);
			path = Fonts;
			sourceTree = "<group>";
		};
		FBDDEFA72B11C6D500CB6B7C = {
			isa = PBXGroup;
			children = (
				FBDDEFB22B11C6D500CB6B7C /* DittoCommunity */,
				FBDDEFB12B11C6D500CB6B7C /* Products */,
			);
			sourceTree = "<group>";
		};
		FBDDEFB12B11C6D500CB6B7C /* Products */ = {
			isa = PBXGroup;
			children = (
				FBDDEFB02B11C6D500CB6B7C /* DittoCommunity.app */,
			);
			name = Products;
			sourceTree = "<group>";
		};
		FBDDEFB22B11C6D500CB6B7C /* DittoCommunity */ = {
			isa = PBXGroup;
			children = (
				3B3F22922B11D9D300351261 /* Info.plist */,
				FBDDEFB32B11C6D500CB6B7C /* DittoCommunityApp.swift */,
				FBDDEFCE2B11D2D100CB6B7C /* DesignSystem */,
				3B3F228B2B11D77F00351261 /* Fonts */,
				FBDDEFC62B11CC8700CB6B7C /* View */,
				FBDDEFB92B11C6D600CB6B7C /* Preview Content */,
			);
			path = DittoCommunity;
			sourceTree = "<group>";
		};
		FBDDEFB92B11C6D600CB6B7C /* Preview Content */ = {
			isa = PBXGroup;
			children = (
				FBDDEFBA2B11C6D600CB6B7C /* Preview Assets.xcassets */,
			);
			path = "Preview Content";
			sourceTree = "<group>";
		};
		FBDDEFC62B11CC8700CB6B7C /* View */ = {
			isa = PBXGroup;
			children = (
				FBDDEFDA2B11DC7C00CB6B7C /* SympathyTest */,
				FBDDEFD32B11DA8F00CB6B7C /* CustomModal */,
				FBDDEFC92B11CC9B00CB6B7C /* Profile */,
				FBDDEFC82B11CC9600CB6B7C /* Feed */,
				FBDDEFC72B11CC9000CB6B7C /* MainTab */,
			);
			path = View;
			sourceTree = "<group>";
		};
		FBDDEFC72B11CC9000CB6B7C /* MainTab */ = {
			isa = PBXGroup;
			children = (
				FBDDEFCC2B11CCB700CB6B7C /* MainTabView.swift */,
			);
			path = MainTab;
			sourceTree = "<group>";
		};
		FBDDEFC82B11CC9600CB6B7C /* Feed */ = {
			isa = PBXGroup;
			children = (
				FBDDEFD82B11DAA100CB6B7C /* Feed.swift */,
			);
			path = Feed;
			sourceTree = "<group>";
		};
		FBDDEFC92B11CC9B00CB6B7C /* Profile */ = {
			isa = PBXGroup;
			children = (
				FBDDEFD62B11DA9D00CB6B7C /* Profile.swift */,
			);
			path = Profile;
			sourceTree = "<group>";
		};
		FBDDEFCE2B11D2D100CB6B7C /* DesignSystem */ = {
			isa = PBXGroup;
			children = (
				FBDDEFB72B11C6D600CB6B7C /* Assets.xcassets */,
				FBDDEFCF2B11D2E500CB6B7C /* Color+DesignSystem.swift */,
				FBDDEFD12B11D2F100CB6B7C /* Font+DesignSystem.swift */,
			);
			path = DesignSystem;
			sourceTree = "<group>";
		};
		FBDDEFD32B11DA8F00CB6B7C /* CustomModal */ = {
			isa = PBXGroup;
			children = (
				FBDDEFD42B11DA9A00CB6B7C /* CustomModal.swift */,
			);
			path = CustomModal;
			sourceTree = "<group>";
		};
		FBDDEFDA2B11DC7C00CB6B7C /* SympathyTest */ = {
			isa = PBXGroup;
			children = (
				FBDDEFDB2B11DC8E00CB6B7C /* SympathyTestView.swift */,
			);
			path = SympathyTest;
			sourceTree = "<group>";
		};
/* End PBXGroup section */

/* Begin PBXNativeTarget section */
		FBDDEFAF2B11C6D500CB6B7C /* DittoCommunity */ = {
			isa = PBXNativeTarget;
			buildConfigurationList = FBDDEFBE2B11C6D600CB6B7C /* Build configuration list for PBXNativeTarget "DittoCommunity" */;
			buildPhases = (
				FBDDEFAC2B11C6D500CB6B7C /* Sources */,
				FBDDEFAD2B11C6D500CB6B7C /* Frameworks */,
				FBDDEFAE2B11C6D500CB6B7C /* Resources */,
			);
			buildRules = (
			);
			dependencies = (
			);
			name = DittoCommunity;
			packageProductDependencies = (
				FBDDEFC22B11C75400CB6B7C /* MightyCombine */,
				FBDDEFC42B11C75400CB6B7C /* MightySwift */,
			);
			productName = DittoCommunity;
			productReference = FBDDEFB02B11C6D500CB6B7C /* DittoCommunity.app */;
			productType = "com.apple.product-type.application";
		};
/* End PBXNativeTarget section */

/* Begin PBXProject section */
		FBDDEFA82B11C6D500CB6B7C /* Project object */ = {
			isa = PBXProject;
			attributes = {
				BuildIndependentTargetsInParallel = 1;
				LastSwiftUpdateCheck = 1500;
				LastUpgradeCheck = 1500;
				TargetAttributes = {
					FBDDEFAF2B11C6D500CB6B7C = {
						CreatedOnToolsVersion = 15.0;
					};
				};
			};
			buildConfigurationList = FBDDEFAB2B11C6D500CB6B7C /* Build configuration list for PBXProject "DittoCommunity" */;
			compatibilityVersion = "Xcode 14.0";
			developmentRegion = en;
			hasScannedForEncodings = 0;
			knownRegions = (
				en,
				Base,
			);
			mainGroup = FBDDEFA72B11C6D500CB6B7C;
			packageReferences = (
				FBDDEFC12B11C75400CB6B7C /* XCRemoteSwiftPackageReference "MightyCombine" */,
			);
			productRefGroup = FBDDEFB12B11C6D500CB6B7C /* Products */;
			projectDirPath = "";
			projectRoot = "";
			targets = (
				FBDDEFAF2B11C6D500CB6B7C /* DittoCommunity */,
			);
		};
/* End PBXProject section */

/* Begin PBXResourcesBuildPhase section */
		FBDDEFAE2B11C6D500CB6B7C /* Resources */ = {
			isa = PBXResourcesBuildPhase;
			buildActionMask = 2147483647;
			files = (
				FBDDEFBB2B11C6D600CB6B7C /* Preview Assets.xcassets in Resources */,
				3B3F228D2B11D7DC00351261 /* Pretendard-Bold.otf in Resources */,
				3B3F22912B11D80600351261 /* Pretendard-Regular.otf in Resources */,
				FBDDEFB82B11C6D600CB6B7C /* Assets.xcassets in Resources */,
				3B3F228F2B11D7FB00351261 /* Pretendard-SemiBold.otf in Resources */,
			);
			runOnlyForDeploymentPostprocessing = 0;
		};
/* End PBXResourcesBuildPhase section */

/* Begin PBXSourcesBuildPhase section */
		FBDDEFAC2B11C6D500CB6B7C /* Sources */ = {
			isa = PBXSourcesBuildPhase;
			buildActionMask = 2147483647;
			files = (
				FBDDEFB42B11C6D500CB6B7C /* DittoCommunityApp.swift in Sources */,
				FBDDEFD72B11DA9D00CB6B7C /* Profile.swift in Sources */,
				FBDDEFD02B11D2E500CB6B7C /* Color+DesignSystem.swift in Sources */,
				FBDDEFDC2B11DC8E00CB6B7C /* SympathyTestView.swift in Sources */,
				FBDDEFD92B11DAA100CB6B7C /* Feed.swift in Sources */,
				FBDDEFCD2B11CCB700CB6B7C /* MainTabView.swift in Sources */,
				FBDDEFD22B11D2F100CB6B7C /* Font+DesignSystem.swift in Sources */,
				FBDDEFD52B11DA9A00CB6B7C /* CustomModal.swift in Sources */,
			);
			runOnlyForDeploymentPostprocessing = 0;
		};
/* End PBXSourcesBuildPhase section */

/* Begin XCBuildConfiguration section */
		FBDDEFBC2B11C6D600CB6B7C /* Debug */ = {
			isa = XCBuildConfiguration;
			buildSettings = {
				ALWAYS_SEARCH_USER_PATHS = NO;
				ASSETCATALOG_COMPILER_GENERATE_SWIFT_ASSET_SYMBOL_EXTENSIONS = YES;
				CLANG_ANALYZER_NONNULL = YES;
				CLANG_ANALYZER_NUMBER_OBJECT_CONVERSION = YES_AGGRESSIVE;
				CLANG_CXX_LANGUAGE_STANDARD = "gnu++20";
				CLANG_ENABLE_MODULES = YES;
				CLANG_ENABLE_OBJC_ARC = YES;
				CLANG_ENABLE_OBJC_WEAK = YES;
				CLANG_WARN_BLOCK_CAPTURE_AUTORELEASING = YES;
				CLANG_WARN_BOOL_CONVERSION = YES;
				CLANG_WARN_COMMA = YES;
				CLANG_WARN_CONSTANT_CONVERSION = YES;
				CLANG_WARN_DEPRECATED_OBJC_IMPLEMENTATIONS = YES;
				CLANG_WARN_DIRECT_OBJC_ISA_USAGE = YES_ERROR;
				CLANG_WARN_DOCUMENTATION_COMMENTS = YES;
				CLANG_WARN_EMPTY_BODY = YES;
				CLANG_WARN_ENUM_CONVERSION = YES;
				CLANG_WARN_INFINITE_RECURSION = YES;
				CLANG_WARN_INT_CONVERSION = YES;
				CLANG_WARN_NON_LITERAL_NULL_CONVERSION = YES;
				CLANG_WARN_OBJC_IMPLICIT_RETAIN_SELF = YES;
				CLANG_WARN_OBJC_LITERAL_CONVERSION = YES;
				CLANG_WARN_OBJC_ROOT_CLASS = YES_ERROR;
				CLANG_WARN_QUOTED_INCLUDE_IN_FRAMEWORK_HEADER = YES;
				CLANG_WARN_RANGE_LOOP_ANALYSIS = YES;
				CLANG_WARN_STRICT_PROTOTYPES = YES;
				CLANG_WARN_SUSPICIOUS_MOVE = YES;
				CLANG_WARN_UNGUARDED_AVAILABILITY = YES_AGGRESSIVE;
				CLANG_WARN_UNREACHABLE_CODE = YES;
				CLANG_WARN__DUPLICATE_METHOD_MATCH = YES;
				COPY_PHASE_STRIP = NO;
				DEBUG_INFORMATION_FORMAT = dwarf;
				ENABLE_STRICT_OBJC_MSGSEND = YES;
				ENABLE_TESTABILITY = YES;
				ENABLE_USER_SCRIPT_SANDBOXING = YES;
				GCC_C_LANGUAGE_STANDARD = gnu17;
				GCC_DYNAMIC_NO_PIC = NO;
				GCC_NO_COMMON_BLOCKS = YES;
				GCC_OPTIMIZATION_LEVEL = 0;
				GCC_PREPROCESSOR_DEFINITIONS = (
					"DEBUG=1",
					"$(inherited)",
				);
				GCC_WARN_64_TO_32_BIT_CONVERSION = YES;
				GCC_WARN_ABOUT_RETURN_TYPE = YES_ERROR;
				GCC_WARN_UNDECLARED_SELECTOR = YES;
				GCC_WARN_UNINITIALIZED_AUTOS = YES_AGGRESSIVE;
				GCC_WARN_UNUSED_FUNCTION = YES;
				GCC_WARN_UNUSED_VARIABLE = YES;
				IPHONEOS_DEPLOYMENT_TARGET = 17.0;
				LOCALIZATION_PREFERS_STRING_CATALOGS = YES;
				MTL_ENABLE_DEBUG_INFO = INCLUDE_SOURCE;
				MTL_FAST_MATH = YES;
				ONLY_ACTIVE_ARCH = YES;
				SDKROOT = iphoneos;
				SWIFT_ACTIVE_COMPILATION_CONDITIONS = "DEBUG $(inherited)";
				SWIFT_OPTIMIZATION_LEVEL = "-Onone";
			};
			name = Debug;
		};
		FBDDEFBD2B11C6D600CB6B7C /* Release */ = {
			isa = XCBuildConfiguration;
			buildSettings = {
				ALWAYS_SEARCH_USER_PATHS = NO;
				ASSETCATALOG_COMPILER_GENERATE_SWIFT_ASSET_SYMBOL_EXTENSIONS = YES;
				CLANG_ANALYZER_NONNULL = YES;
				CLANG_ANALYZER_NUMBER_OBJECT_CONVERSION = YES_AGGRESSIVE;
				CLANG_CXX_LANGUAGE_STANDARD = "gnu++20";
				CLANG_ENABLE_MODULES = YES;
				CLANG_ENABLE_OBJC_ARC = YES;
				CLANG_ENABLE_OBJC_WEAK = YES;
				CLANG_WARN_BLOCK_CAPTURE_AUTORELEASING = YES;
				CLANG_WARN_BOOL_CONVERSION = YES;
				CLANG_WARN_COMMA = YES;
				CLANG_WARN_CONSTANT_CONVERSION = YES;
				CLANG_WARN_DEPRECATED_OBJC_IMPLEMENTATIONS = YES;
				CLANG_WARN_DIRECT_OBJC_ISA_USAGE = YES_ERROR;
				CLANG_WARN_DOCUMENTATION_COMMENTS = YES;
				CLANG_WARN_EMPTY_BODY = YES;
				CLANG_WARN_ENUM_CONVERSION = YES;
				CLANG_WARN_INFINITE_RECURSION = YES;
				CLANG_WARN_INT_CONVERSION = YES;
				CLANG_WARN_NON_LITERAL_NULL_CONVERSION = YES;
				CLANG_WARN_OBJC_IMPLICIT_RETAIN_SELF = YES;
				CLANG_WARN_OBJC_LITERAL_CONVERSION = YES;
				CLANG_WARN_OBJC_ROOT_CLASS = YES_ERROR;
				CLANG_WARN_QUOTED_INCLUDE_IN_FRAMEWORK_HEADER = YES;
				CLANG_WARN_RANGE_LOOP_ANALYSIS = YES;
				CLANG_WARN_STRICT_PROTOTYPES = YES;
				CLANG_WARN_SUSPICIOUS_MOVE = YES;
				CLANG_WARN_UNGUARDED_AVAILABILITY = YES_AGGRESSIVE;
				CLANG_WARN_UNREACHABLE_CODE = YES;
				CLANG_WARN__DUPLICATE_METHOD_MATCH = YES;
				COPY_PHASE_STRIP = NO;
				DEBUG_INFORMATION_FORMAT = "dwarf-with-dsym";
				ENABLE_NS_ASSERTIONS = NO;
				ENABLE_STRICT_OBJC_MSGSEND = YES;
				ENABLE_USER_SCRIPT_SANDBOXING = YES;
				GCC_C_LANGUAGE_STANDARD = gnu17;
				GCC_NO_COMMON_BLOCKS = YES;
				GCC_WARN_64_TO_32_BIT_CONVERSION = YES;
				GCC_WARN_ABOUT_RETURN_TYPE = YES_ERROR;
				GCC_WARN_UNDECLARED_SELECTOR = YES;
				GCC_WARN_UNINITIALIZED_AUTOS = YES_AGGRESSIVE;
				GCC_WARN_UNUSED_FUNCTION = YES;
				GCC_WARN_UNUSED_VARIABLE = YES;
				IPHONEOS_DEPLOYMENT_TARGET = 17.0;
				LOCALIZATION_PREFERS_STRING_CATALOGS = YES;
				MTL_ENABLE_DEBUG_INFO = NO;
				MTL_FAST_MATH = YES;
				SDKROOT = iphoneos;
				SWIFT_COMPILATION_MODE = wholemodule;
				VALIDATE_PRODUCT = YES;
			};
			name = Release;
		};
		FBDDEFBF2B11C6D600CB6B7C /* Debug */ = {
			isa = XCBuildConfiguration;
			buildSettings = {
				ASSETCATALOG_COMPILER_APPICON_NAME = AppIcon;
				ASSETCATALOG_COMPILER_GLOBAL_ACCENT_COLOR_NAME = AccentColor;
				CODE_SIGN_STYLE = Automatic;
				CURRENT_PROJECT_VERSION = 1;
				DEVELOPMENT_ASSET_PATHS = "\"DittoCommunity/Preview Content\"";
				DEVELOPMENT_TEAM = 76AJ433CP5;
				ENABLE_PREVIEWS = YES;
				GENERATE_INFOPLIST_FILE = YES;
				INFOPLIST_FILE = DittoCommunity/Info.plist;
				INFOPLIST_KEY_CFBundleDisplayName = "\"\"";
				INFOPLIST_KEY_LSApplicationCategoryType = "";
				INFOPLIST_KEY_UIApplicationSceneManifest_Generation = YES;
				INFOPLIST_KEY_UIApplicationSupportsIndirectInputEvents = YES;
				INFOPLIST_KEY_UILaunchScreen_Generation = YES;
				INFOPLIST_KEY_UISupportedInterfaceOrientations = UIInterfaceOrientationPortrait;
				INFOPLIST_KEY_UISupportedInterfaceOrientations_iPad = "UIInterfaceOrientationLandscapeLeft UIInterfaceOrientationLandscapeRight UIInterfaceOrientationPortrait UIInterfaceOrientationPortraitUpsideDown";
				INFOPLIST_KEY_UIUserInterfaceStyle = Light;
				IPHONEOS_DEPLOYMENT_TARGET = 15.0;
				LD_RUNPATH_SEARCH_PATHS = (
					"$(inherited)",
					"@executable_path/Frameworks",
				);
				MARKETING_VERSION = 1.0;
				PRODUCT_BUNDLE_IDENTIFIER = kim.DittoCommunity;
				PRODUCT_NAME = "$(TARGET_NAME)";
				SUPPORTED_PLATFORMS = "iphoneos iphonesimulator";
				SUPPORTS_MACCATALYST = NO;
				SUPPORTS_MAC_DESIGNED_FOR_IPHONE_IPAD = NO;
				SWIFT_EMIT_LOC_STRINGS = YES;
				SWIFT_VERSION = 5.0;
				TARGETED_DEVICE_FAMILY = 1;
			};
			name = Debug;
		};
		FBDDEFC02B11C6D600CB6B7C /* Release */ = {
			isa = XCBuildConfiguration;
			buildSettings = {
				ASSETCATALOG_COMPILER_APPICON_NAME = AppIcon;
				ASSETCATALOG_COMPILER_GLOBAL_ACCENT_COLOR_NAME = AccentColor;
				CODE_SIGN_STYLE = Automatic;
				CURRENT_PROJECT_VERSION = 1;
				DEVELOPMENT_ASSET_PATHS = "\"DittoCommunity/Preview Content\"";
				DEVELOPMENT_TEAM = 76AJ433CP5;
				ENABLE_PREVIEWS = YES;
				GENERATE_INFOPLIST_FILE = YES;
				INFOPLIST_FILE = DittoCommunity/Info.plist;
				INFOPLIST_KEY_CFBundleDisplayName = "\"\"";
				INFOPLIST_KEY_LSApplicationCategoryType = "";
				INFOPLIST_KEY_UIApplicationSceneManifest_Generation = YES;
				INFOPLIST_KEY_UIApplicationSupportsIndirectInputEvents = YES;
				INFOPLIST_KEY_UILaunchScreen_Generation = YES;
				INFOPLIST_KEY_UISupportedInterfaceOrientations = UIInterfaceOrientationPortrait;
				INFOPLIST_KEY_UISupportedInterfaceOrientations_iPad = "UIInterfaceOrientationLandscapeLeft UIInterfaceOrientationLandscapeRight UIInterfaceOrientationPortrait UIInterfaceOrientationPortraitUpsideDown";
				INFOPLIST_KEY_UIUserInterfaceStyle = Light;
				IPHONEOS_DEPLOYMENT_TARGET = 15.0;
				LD_RUNPATH_SEARCH_PATHS = (
					"$(inherited)",
					"@executable_path/Frameworks",
				);
				MARKETING_VERSION = 1.0;
				PRODUCT_BUNDLE_IDENTIFIER = kim.DittoCommunity;
				PRODUCT_NAME = "$(TARGET_NAME)";
				SUPPORTED_PLATFORMS = "iphoneos iphonesimulator";
				SUPPORTS_MACCATALYST = NO;
				SUPPORTS_MAC_DESIGNED_FOR_IPHONE_IPAD = NO;
				SWIFT_EMIT_LOC_STRINGS = YES;
				SWIFT_VERSION = 5.0;
				TARGETED_DEVICE_FAMILY = 1;
			};
			name = Release;
		};
/* End XCBuildConfiguration section */

/* Begin XCConfigurationList section */
		FBDDEFAB2B11C6D500CB6B7C /* Build configuration list for PBXProject "DittoCommunity" */ = {
			isa = XCConfigurationList;
			buildConfigurations = (
				FBDDEFBC2B11C6D600CB6B7C /* Debug */,
				FBDDEFBD2B11C6D600CB6B7C /* Release */,
			);
			defaultConfigurationIsVisible = 0;
			defaultConfigurationName = Release;
		};
		FBDDEFBE2B11C6D600CB6B7C /* Build configuration list for PBXNativeTarget "DittoCommunity" */ = {
			isa = XCConfigurationList;
			buildConfigurations = (
				FBDDEFBF2B11C6D600CB6B7C /* Debug */,
				FBDDEFC02B11C6D600CB6B7C /* Release */,
			);
			defaultConfigurationIsVisible = 0;
			defaultConfigurationName = Release;
		};
/* End XCConfigurationList section */

/* Begin XCRemoteSwiftPackageReference section */
		FBDDEFC12B11C75400CB6B7C /* XCRemoteSwiftPackageReference "MightyCombine" */ = {
			isa = XCRemoteSwiftPackageReference;
			repositoryURL = "https://github.com/MightyCombine/MightyCombine.git";
			requirement = {
				kind = upToNextMajorVersion;
				minimumVersion = 1.1.3;
			};
		};
/* End XCRemoteSwiftPackageReference section */

/* Begin XCSwiftPackageProductDependency section */
		FBDDEFC22B11C75400CB6B7C /* MightyCombine */ = {
			isa = XCSwiftPackageProductDependency;
			package = FBDDEFC12B11C75400CB6B7C /* XCRemoteSwiftPackageReference "MightyCombine" */;
			productName = MightyCombine;
		};
		FBDDEFC42B11C75400CB6B7C /* MightySwift */ = {
			isa = XCSwiftPackageProductDependency;
			package = FBDDEFC12B11C75400CB6B7C /* XCRemoteSwiftPackageReference "MightyCombine" */;
			productName = MightySwift;
		};
/* End XCSwiftPackageProductDependency section */
	};
	rootObject = FBDDEFA82B11C6D500CB6B7C /* Project object */;
}
