// !$*UTF8*$!
{
	archiveVersion = 1;
	classes = {
	};
	objectVersion = 56;
	objects = {

/* Begin PBXBuildFile section */
		3B3F228D2B11D7DC00351261 /* Pretendard-Bold.otf in Resources */ = {isa = PBXBuildFile; fileRef = 3B3F228C2B11D7DC00351261 /* Pretendard-Bold.otf */; };
		3B3F228F2B11D7FB00351261 /* Pretendard-SemiBold.otf in Resources */ = {isa = PBXBuildFile; fileRef = 3B3F228E2B11D7FB00351261 /* Pretendard-SemiBold.otf */; };
		3B3F22912B11D80600351261 /* Pretendard-Regular.otf in Resources */ = {isa = PBXBuildFile; fileRef = 3B3F22902B11D80600351261 /* Pretendard-Regular.otf */; };
		3BF500442B1223E90061DABF /* OtherProfile.swift in Sources */ = {isa = PBXBuildFile; fileRef = 3BF500432B1223E90061DABF /* OtherProfile.swift */; };
		6C3EB03E2B11E070002D29C6 /* TestCompleteModalView.swift in Sources */ = {isa = PBXBuildFile; fileRef = 6C3EB03D2B11E070002D29C6 /* TestCompleteModalView.swift */; };
		6C3EB0422B11E170002D29C6 /* CategoryModalView.swift in Sources */ = {isa = PBXBuildFile; fileRef = 6C3EB0412B11E170002D29C6 /* CategoryModalView.swift */; };
		6C3EB0462B11E9DD002D29C6 /* CustomAlertView.swift in Sources */ = {isa = PBXBuildFile; fileRef = 6C3EB0452B11E9DD002D29C6 /* CustomAlertView.swift */; };
		6C3EB0482B120483002D29C6 /* ActionSheetView.swift in Sources */ = {isa = PBXBuildFile; fileRef = 6C3EB0472B120483002D29C6 /* ActionSheetView.swift */; };
		6C3EB04E2B121CF9002D29C6 /* CustomNavigationBar.swift in Sources */ = {isa = PBXBuildFile; fileRef = 6C3EB04D2B121CF9002D29C6 /* CustomNavigationBar.swift */; };
		FBB1DA0A2B125CD800E8C57A /* View+Redacted.swift in Sources */ = {isa = PBXBuildFile; fileRef = FBB1DA092B125CD800E8C57A /* View+Redacted.swift */; };
		FBB1DA0D2B12607E00E8C57A /* FeedDetailViewModel.swift in Sources */ = {isa = PBXBuildFile; fileRef = FBB1DA0C2B12607E00E8C57A /* FeedDetailViewModel.swift */; };
		FBDDEFB42B11C6D500CB6B7C /* DittoCommunityApp.swift in Sources */ = {isa = PBXBuildFile; fileRef = FBDDEFB32B11C6D500CB6B7C /* DittoCommunityApp.swift */; };
		FBDDEFB82B11C6D600CB6B7C /* Assets.xcassets in Resources */ = {isa = PBXBuildFile; fileRef = FBDDEFB72B11C6D600CB6B7C /* Assets.xcassets */; };
		FBDDEFBB2B11C6D600CB6B7C /* Preview Assets.xcassets in Resources */ = {isa = PBXBuildFile; fileRef = FBDDEFBA2B11C6D600CB6B7C /* Preview Assets.xcassets */; };
		FBDDEFC32B11C75400CB6B7C /* MightyCombine in Frameworks */ = {isa = PBXBuildFile; productRef = FBDDEFC22B11C75400CB6B7C /* MightyCombine */; };
		FBDDEFC52B11C75400CB6B7C /* MightySwift in Frameworks */ = {isa = PBXBuildFile; productRef = FBDDEFC42B11C75400CB6B7C /* MightySwift */; };
		FBDDEFCD2B11CCB700CB6B7C /* MainTabView.swift in Sources */ = {isa = PBXBuildFile; fileRef = FBDDEFCC2B11CCB700CB6B7C /* MainTabView.swift */; };
		FBDDEFD02B11D2E500CB6B7C /* Color+DesignSystem.swift in Sources */ = {isa = PBXBuildFile; fileRef = FBDDEFCF2B11D2E500CB6B7C /* Color+DesignSystem.swift */; };
		FBDDEFD22B11D2F100CB6B7C /* Font+DesignSystem.swift in Sources */ = {isa = PBXBuildFile; fileRef = FBDDEFD12B11D2F100CB6B7C /* Font+DesignSystem.swift */; };
		FBDDEFD72B11DA9D00CB6B7C /* Profile.swift in Sources */ = {isa = PBXBuildFile; fileRef = FBDDEFD62B11DA9D00CB6B7C /* Profile.swift */; };
		FBDDEFDC2B11DC8E00CB6B7C /* SympathyTestView.swift in Sources */ = {isa = PBXBuildFile; fileRef = FBDDEFDB2B11DC8E00CB6B7C /* SympathyTestView.swift */; };
		FBDDEFDE2B11DE5800CB6B7C /* LoginViewModel.swift in Sources */ = {isa = PBXBuildFile; fileRef = FBDDEFDD2B11DE5800CB6B7C /* LoginViewModel.swift */; };
		FBDDEFE02B11DF3100CB6B7C /* Icon.swift in Sources */ = {isa = PBXBuildFile; fileRef = FBDDEFDF2B11DF3100CB6B7C /* Icon.swift */; };
		FBDDEFE32B11E60D00CB6B7C /* LoginView.swift in Sources */ = {isa = PBXBuildFile; fileRef = FBDDEFE22B11E60D00CB6B7C /* LoginView.swift */; };
		FBDDEFE72B11E97F00CB6B7C /* Color+Hex.swift in Sources */ = {isa = PBXBuildFile; fileRef = FBDDEFE62B11E97F00CB6B7C /* Color+Hex.swift */; };
		FBDDEFE92B11EE3C00CB6B7C /* UINavigationController+UIGestureRecognizerDelegate.swift in Sources */ = {isa = PBXBuildFile; fileRef = FBDDEFE82B11EE3C00CB6B7C /* UINavigationController+UIGestureRecognizerDelegate.swift */; };
		FBDDEFEB2B12113600CB6B7C /* TestFinishView.swift in Sources */ = {isa = PBXBuildFile; fileRef = FBDDEFEA2B12113600CB6B7C /* TestFinishView.swift */; };
		FBDDEFED2B12155500CB6B7C /* UIscreen+ScreenSize.swift in Sources */ = {isa = PBXBuildFile; fileRef = FBDDEFEC2B12155500CB6B7C /* UIscreen+ScreenSize.swift */; };
		FBDDEFEF2B121E8400CB6B7C /* HomeView.swift in Sources */ = {isa = PBXBuildFile; fileRef = FBDDEFEE2B121E8400CB6B7C /* HomeView.swift */; };
		FBDDEFF12B12253200CB6B7C /* HomeViewModel.swift in Sources */ = {isa = PBXBuildFile; fileRef = FBDDEFF02B12253200CB6B7C /* HomeViewModel.swift */; };
		FBDDEFF32B122D2C00CB6B7C /* FeedCellView.swift in Sources */ = {isa = PBXBuildFile; fileRef = FBDDEFF22B122D2C00CB6B7C /* FeedCellView.swift */; };
		FBDDEFF62B1230E100CB6B7C /* FeedAPI.swift in Sources */ = {isa = PBXBuildFile; fileRef = FBDDEFF52B1230E100CB6B7C /* FeedAPI.swift */; };
		FBDDEFF92B1231A700CB6B7C /* ListFeed.swift in Sources */ = {isa = PBXBuildFile; fileRef = FBDDEFF82B1231A700CB6B7C /* ListFeed.swift */; };
		FBDDF0022B12349B00CB6B7C /* UIApplication+.swift in Sources */ = {isa = PBXBuildFile; fileRef = FBDDF0012B12349B00CB6B7C /* UIApplication+.swift */; };
		FBDDF0042B12361E00CB6B7C /* ObservableScrollView.swift in Sources */ = {isa = PBXBuildFile; fileRef = FBDDF0032B12361E00CB6B7C /* ObservableScrollView.swift */; };
		FBDDF0062B123DD200CB6B7C /* View+ScrollOffset.swift in Sources */ = {isa = PBXBuildFile; fileRef = FBDDF0052B123DD200CB6B7C /* View+ScrollOffset.swift */; };
		FBDDF0082B1245BE00CB6B7C /* MainTabViewModel.swift in Sources */ = {isa = PBXBuildFile; fileRef = FBDDF0072B1245BE00CB6B7C /* MainTabViewModel.swift */; };
		FBDDF00A2B124A2B00CB6B7C /* FeedDetailView.swift in Sources */ = {isa = PBXBuildFile; fileRef = FBDDF0092B124A2B00CB6B7C /* FeedDetailView.swift */; };
		FBDDF00C2B124A4200CB6B7C /* DetailFeed.swift in Sources */ = {isa = PBXBuildFile; fileRef = FBDDF00B2B124A4200CB6B7C /* DetailFeed.swift */; };
/* End PBXBuildFile section */

/* Begin PBXFileReference section */
		3B3F228C2B11D7DC00351261 /* Pretendard-Bold.otf */ = {isa = PBXFileReference; lastKnownFileType = file; path = "Pretendard-Bold.otf"; sourceTree = "<group>"; };
		3B3F228E2B11D7FB00351261 /* Pretendard-SemiBold.otf */ = {isa = PBXFileReference; lastKnownFileType = file; path = "Pretendard-SemiBold.otf"; sourceTree = "<group>"; };
		3B3F22902B11D80600351261 /* Pretendard-Regular.otf */ = {isa = PBXFileReference; lastKnownFileType = file; path = "Pretendard-Regular.otf"; sourceTree = "<group>"; };
		3B3F22922B11D9D300351261 /* Info.plist */ = {isa = PBXFileReference; lastKnownFileType = text.plist; path = Info.plist; sourceTree = "<group>"; };
		3BF500432B1223E90061DABF /* OtherProfile.swift */ = {isa = PBXFileReference; lastKnownFileType = sourcecode.swift; path = OtherProfile.swift; sourceTree = "<group>"; };
		6C3EB03D2B11E070002D29C6 /* TestCompleteModalView.swift */ = {isa = PBXFileReference; lastKnownFileType = sourcecode.swift; path = TestCompleteModalView.swift; sourceTree = "<group>"; };
		6C3EB0412B11E170002D29C6 /* CategoryModalView.swift */ = {isa = PBXFileReference; lastKnownFileType = sourcecode.swift; path = CategoryModalView.swift; sourceTree = "<group>"; };
		6C3EB0452B11E9DD002D29C6 /* CustomAlertView.swift */ = {isa = PBXFileReference; lastKnownFileType = sourcecode.swift; path = CustomAlertView.swift; sourceTree = "<group>"; };
		6C3EB0472B120483002D29C6 /* ActionSheetView.swift */ = {isa = PBXFileReference; lastKnownFileType = sourcecode.swift; path = ActionSheetView.swift; sourceTree = "<group>"; };
		6C3EB04D2B121CF9002D29C6 /* CustomNavigationBar.swift */ = {isa = PBXFileReference; lastKnownFileType = sourcecode.swift; path = CustomNavigationBar.swift; sourceTree = "<group>"; };
		FBB1DA092B125CD800E8C57A /* View+Redacted.swift */ = {isa = PBXFileReference; lastKnownFileType = sourcecode.swift; path = "View+Redacted.swift"; sourceTree = "<group>"; };
		FBB1DA0C2B12607E00E8C57A /* FeedDetailViewModel.swift */ = {isa = PBXFileReference; lastKnownFileType = sourcecode.swift; path = FeedDetailViewModel.swift; sourceTree = "<group>"; };
		FBDDEFB02B11C6D500CB6B7C /* DittoCommunity.app */ = {isa = PBXFileReference; explicitFileType = wrapper.application; includeInIndex = 0; path = DittoCommunity.app; sourceTree = BUILT_PRODUCTS_DIR; };
		FBDDEFB32B11C6D500CB6B7C /* DittoCommunityApp.swift */ = {isa = PBXFileReference; lastKnownFileType = sourcecode.swift; path = DittoCommunityApp.swift; sourceTree = "<group>"; };
		FBDDEFB72B11C6D600CB6B7C /* Assets.xcassets */ = {isa = PBXFileReference; lastKnownFileType = folder.assetcatalog; path = Assets.xcassets; sourceTree = "<group>"; };
		FBDDEFBA2B11C6D600CB6B7C /* Preview Assets.xcassets */ = {isa = PBXFileReference; lastKnownFileType = folder.assetcatalog; path = "Preview Assets.xcassets"; sourceTree = "<group>"; };
		FBDDEFCC2B11CCB700CB6B7C /* MainTabView.swift */ = {isa = PBXFileReference; lastKnownFileType = sourcecode.swift; path = MainTabView.swift; sourceTree = "<group>"; };
		FBDDEFCF2B11D2E500CB6B7C /* Color+DesignSystem.swift */ = {isa = PBXFileReference; lastKnownFileType = sourcecode.swift; path = "Color+DesignSystem.swift"; sourceTree = "<group>"; };
		FBDDEFD12B11D2F100CB6B7C /* Font+DesignSystem.swift */ = {isa = PBXFileReference; lastKnownFileType = sourcecode.swift; path = "Font+DesignSystem.swift"; sourceTree = "<group>"; };
		FBDDEFD62B11DA9D00CB6B7C /* Profile.swift */ = {isa = PBXFileReference; lastKnownFileType = sourcecode.swift; path = Profile.swift; sourceTree = "<group>"; };
		FBDDEFDB2B11DC8E00CB6B7C /* SympathyTestView.swift */ = {isa = PBXFileReference; lastKnownFileType = sourcecode.swift; path = SympathyTestView.swift; sourceTree = "<group>"; };
		FBDDEFDD2B11DE5800CB6B7C /* LoginViewModel.swift */ = {isa = PBXFileReference; lastKnownFileType = sourcecode.swift; path = LoginViewModel.swift; sourceTree = "<group>"; };
		FBDDEFDF2B11DF3100CB6B7C /* Icon.swift */ = {isa = PBXFileReference; lastKnownFileType = sourcecode.swift; path = Icon.swift; sourceTree = "<group>"; };
		FBDDEFE22B11E60D00CB6B7C /* LoginView.swift */ = {isa = PBXFileReference; lastKnownFileType = sourcecode.swift; path = LoginView.swift; sourceTree = "<group>"; };
		FBDDEFE62B11E97F00CB6B7C /* Color+Hex.swift */ = {isa = PBXFileReference; lastKnownFileType = sourcecode.swift; path = "Color+Hex.swift"; sourceTree = "<group>"; };
		FBDDEFE82B11EE3C00CB6B7C /* UINavigationController+UIGestureRecognizerDelegate.swift */ = {isa = PBXFileReference; lastKnownFileType = sourcecode.swift; path = "UINavigationController+UIGestureRecognizerDelegate.swift"; sourceTree = "<group>"; };
		FBDDEFEA2B12113600CB6B7C /* TestFinishView.swift */ = {isa = PBXFileReference; lastKnownFileType = sourcecode.swift; path = TestFinishView.swift; sourceTree = "<group>"; };
		FBDDEFEC2B12155500CB6B7C /* UIscreen+ScreenSize.swift */ = {isa = PBXFileReference; lastKnownFileType = sourcecode.swift; path = "UIscreen+ScreenSize.swift"; sourceTree = "<group>"; };
		FBDDEFEE2B121E8400CB6B7C /* HomeView.swift */ = {isa = PBXFileReference; lastKnownFileType = sourcecode.swift; path = HomeView.swift; sourceTree = "<group>"; };
		FBDDEFF02B12253200CB6B7C /* HomeViewModel.swift */ = {isa = PBXFileReference; lastKnownFileType = sourcecode.swift; path = HomeViewModel.swift; sourceTree = "<group>"; };
		FBDDEFF22B122D2C00CB6B7C /* FeedCellView.swift */ = {isa = PBXFileReference; lastKnownFileType = sourcecode.swift; path = FeedCellView.swift; sourceTree = "<group>"; };
		FBDDEFF52B1230E100CB6B7C /* FeedAPI.swift */ = {isa = PBXFileReference; lastKnownFileType = sourcecode.swift; path = FeedAPI.swift; sourceTree = "<group>"; };
		FBDDEFF82B1231A700CB6B7C /* ListFeed.swift */ = {isa = PBXFileReference; lastKnownFileType = sourcecode.swift; path = ListFeed.swift; sourceTree = "<group>"; };
		FBDDF0012B12349B00CB6B7C /* UIApplication+.swift */ = {isa = PBXFileReference; lastKnownFileType = sourcecode.swift; path = "UIApplication+.swift"; sourceTree = "<group>"; };
		FBDDF0032B12361E00CB6B7C /* ObservableScrollView.swift */ = {isa = PBXFileReference; lastKnownFileType = sourcecode.swift; path = ObservableScrollView.swift; sourceTree = "<group>"; };
		FBDDF0052B123DD200CB6B7C /* View+ScrollOffset.swift */ = {isa = PBXFileReference; lastKnownFileType = sourcecode.swift; path = "View+ScrollOffset.swift"; sourceTree = "<group>"; };
		FBDDF0072B1245BE00CB6B7C /* MainTabViewModel.swift */ = {isa = PBXFileReference; lastKnownFileType = sourcecode.swift; path = MainTabViewModel.swift; sourceTree = "<group>"; };
		FBDDF0092B124A2B00CB6B7C /* FeedDetailView.swift */ = {isa = PBXFileReference; lastKnownFileType = sourcecode.swift; path = FeedDetailView.swift; sourceTree = "<group>"; };
		FBDDF00B2B124A4200CB6B7C /* DetailFeed.swift */ = {isa = PBXFileReference; lastKnownFileType = sourcecode.swift; path = DetailFeed.swift; sourceTree = "<group>"; };
/* End PBXFileReference section */

/* Begin PBXFrameworksBuildPhase section */
		FBDDEFAD2B11C6D500CB6B7C /* Frameworks */ = {
			isa = PBXFrameworksBuildPhase;
			buildActionMask = 2147483647;
			files = (
				FBDDEFC52B11C75400CB6B7C /* MightySwift in Frameworks */,
				FBDDEFC32B11C75400CB6B7C /* MightyCombine in Frameworks */,
			);
			runOnlyForDeploymentPostprocessing = 0;
		};
/* End PBXFrameworksBuildPhase section */

/* Begin PBXGroup section */
		3B3F228B2B11D77F00351261 /* Fonts */ = {
			isa = PBXGroup;
			children = (
				3B3F228C2B11D7DC00351261 /* Pretendard-Bold.otf */,
				3B3F228E2B11D7FB00351261 /* Pretendard-SemiBold.otf */,
				3B3F22902B11D80600351261 /* Pretendard-Regular.otf */,
			);
			path = Fonts;
			sourceTree = "<group>";
		};
		6C3EB04B2B121CD5002D29C6 /* Component */ = {
			isa = PBXGroup;
			children = (
				6C3EB04D2B121CF9002D29C6 /* CustomNavigationBar.swift */,
				FBDDF0032B12361E00CB6B7C /* ObservableScrollView.swift */,
			);
			path = Component;
			sourceTree = "<group>";
		};
		FBB1DA0B2B12607300E8C57A /* FeedDetail */ = {
			isa = PBXGroup;
			children = (
				FBDDF0092B124A2B00CB6B7C /* FeedDetailView.swift */,
				FBB1DA0C2B12607E00E8C57A /* FeedDetailViewModel.swift */,
			);
			path = FeedDetail;
			sourceTree = "<group>";
		};
		FBDDEFA72B11C6D500CB6B7C = {
			isa = PBXGroup;
			children = (
				FBDDEFB22B11C6D500CB6B7C /* DittoCommunity */,
				FBDDEFB12B11C6D500CB6B7C /* Products */,
			);
			sourceTree = "<group>";
		};
		FBDDEFB12B11C6D500CB6B7C /* Products */ = {
			isa = PBXGroup;
			children = (
				FBDDEFB02B11C6D500CB6B7C /* DittoCommunity.app */,
			);
			name = Products;
			sourceTree = "<group>";
		};
		FBDDEFB22B11C6D500CB6B7C /* DittoCommunity */ = {
			isa = PBXGroup;
			children = (
				3B3F22922B11D9D300351261 /* Info.plist */,
				FBDDEFB32B11C6D500CB6B7C /* DittoCommunityApp.swift */,
				FBDDEFF42B1230D800CB6B7C /* Network */,
				FBDDEFE42B11E96F00CB6B7C /* Helper */,
				FBDDEFCE2B11D2D100CB6B7C /* DesignSystem */,
				FBDDEFC62B11CC8700CB6B7C /* View */,
				FBDDEFB92B11C6D600CB6B7C /* Preview Content */,
			);
			path = DittoCommunity;
			sourceTree = "<group>";
		};
		FBDDEFB92B11C6D600CB6B7C /* Preview Content */ = {
			isa = PBXGroup;
			children = (
				FBDDEFBA2B11C6D600CB6B7C /* Preview Assets.xcassets */,
			);
			path = "Preview Content";
			sourceTree = "<group>";
		};
		FBDDEFC62B11CC8700CB6B7C /* View */ = {
			isa = PBXGroup;
			children = (
				FBDDEFE12B11E5FE00CB6B7C /* Login */,
				FBDDEFC92B11CC9B00CB6B7C /* MyPage */,
				FBDDEFC82B11CC9600CB6B7C /* Home */,
				FBDDEFC72B11CC9000CB6B7C /* MainTab */,
			);
			path = View;
			sourceTree = "<group>";
		};
		FBDDEFC72B11CC9000CB6B7C /* MainTab */ = {
			isa = PBXGroup;
			children = (
				FBDDEFCC2B11CCB700CB6B7C /* MainTabView.swift */,
				FBDDF0072B1245BE00CB6B7C /* MainTabViewModel.swift */,
			);
			path = MainTab;
			sourceTree = "<group>";
		};
		FBDDEFC82B11CC9600CB6B7C /* Home */ = {
			isa = PBXGroup;
			children = (
				FBDDEFEE2B121E8400CB6B7C /* HomeView.swift */,
				FBDDEFF22B122D2C00CB6B7C /* FeedCellView.swift */,
				FBDDEFF02B12253200CB6B7C /* HomeViewModel.swift */,
				FBB1DA0B2B12607300E8C57A /* FeedDetail */,
			);
			path = Home;
			sourceTree = "<group>";
		};
		FBDDEFC92B11CC9B00CB6B7C /* MyPage */ = {
			isa = PBXGroup;
			children = (
				FBDDEFD62B11DA9D00CB6B7C /* Profile.swift */,
				3BF500432B1223E90061DABF /* OtherProfile.swift */,
			);
			path = MyPage;
			sourceTree = "<group>";
		};
		FBDDEFCE2B11D2D100CB6B7C /* DesignSystem */ = {
			isa = PBXGroup;
			children = (
				3B3F228B2B11D77F00351261 /* Fonts */,
				FBDDEFD32B11DA8F00CB6B7C /* CustomModal */,
				6C3EB04B2B121CD5002D29C6 /* Component */,
				FBDDEFB72B11C6D600CB6B7C /* Assets.xcassets */,
				FBDDEFCF2B11D2E500CB6B7C /* Color+DesignSystem.swift */,
				FBDDEFD12B11D2F100CB6B7C /* Font+DesignSystem.swift */,
				FBDDEFDF2B11DF3100CB6B7C /* Icon.swift */,
			);
			path = DesignSystem;
			sourceTree = "<group>";
		};
		FBDDEFD32B11DA8F00CB6B7C /* CustomModal */ = {
			isa = PBXGroup;
			children = (
				6C3EB0472B120483002D29C6 /* ActionSheetView.swift */,
				6C3EB03D2B11E070002D29C6 /* TestCompleteModalView.swift */,
				6C3EB0412B11E170002D29C6 /* CategoryModalView.swift */,
				6C3EB0452B11E9DD002D29C6 /* CustomAlertView.swift */,
			);
			path = CustomModal;
			sourceTree = "<group>";
		};
		FBDDEFE12B11E5FE00CB6B7C /* Login */ = {
			isa = PBXGroup;
			children = (
				FBDDEFE22B11E60D00CB6B7C /* LoginView.swift */,
				FBDDEFDD2B11DE5800CB6B7C /* LoginViewModel.swift */,
				FBDDEFDB2B11DC8E00CB6B7C /* SympathyTestView.swift */,
				FBDDEFEA2B12113600CB6B7C /* TestFinishView.swift */,
			);
			path = Login;
			sourceTree = "<group>";
		};
		FBDDEFE42B11E96F00CB6B7C /* Helper */ = {
			isa = PBXGroup;
			children = (
				FBDDEFE52B11E97800CB6B7C /* Extension */,
			);
			path = Helper;
			sourceTree = "<group>";
		};
		FBDDEFE52B11E97800CB6B7C /* Extension */ = {
			isa = PBXGroup;
			children = (
				FBDDEFFF2B12346F00CB6B7C /* SwiftUI */,
				FBDDF0002B12347A00CB6B7C /* UIKit */,
			);
			path = Extension;
			sourceTree = "<group>";
		};
		FBDDEFF42B1230D800CB6B7C /* Network */ = {
			isa = PBXGroup;
			children = (
				FBDDEFF72B12310700CB6B7C /* DTO */,
				FBDDEFF52B1230E100CB6B7C /* FeedAPI.swift */,
			);
			path = Network;
			sourceTree = "<group>";
		};
		FBDDEFF72B12310700CB6B7C /* DTO */ = {
			isa = PBXGroup;
			children = (
				FBDDEFF82B1231A700CB6B7C /* ListFeed.swift */,
				FBDDF00B2B124A4200CB6B7C /* DetailFeed.swift */,
			);
			path = DTO;
			sourceTree = "<group>";
		};
		FBDDEFFF2B12346F00CB6B7C /* SwiftUI */ = {
			isa = PBXGroup;
			children = (
				FBDDEFE62B11E97F00CB6B7C /* Color+Hex.swift */,
				FBDDF0052B123DD200CB6B7C /* View+ScrollOffset.swift */,
				FBB1DA092B125CD800E8C57A /* View+Redacted.swift */,
			);
			path = SwiftUI;
			sourceTree = "<group>";
		};
		FBDDF0002B12347A00CB6B7C /* UIKit */ = {
			isa = PBXGroup;
			children = (
				FBDDEFEC2B12155500CB6B7C /* UIscreen+ScreenSize.swift */,
				FBDDF0012B12349B00CB6B7C /* UIApplication+.swift */,
				FBDDEFE82B11EE3C00CB6B7C /* UINavigationController+UIGestureRecognizerDelegate.swift */,
			);
			path = UIKit;
			sourceTree = "<group>";
		};
/* End PBXGroup section */

/* Begin PBXNativeTarget section */
		FBDDEFAF2B11C6D500CB6B7C /* DittoCommunity */ = {
			isa = PBXNativeTarget;
			buildConfigurationList = FBDDEFBE2B11C6D600CB6B7C /* Build configuration list for PBXNativeTarget "DittoCommunity" */;
			buildPhases = (
				FBDDEFAC2B11C6D500CB6B7C /* Sources */,
				FBDDEFAD2B11C6D500CB6B7C /* Frameworks */,
				FBDDEFAE2B11C6D500CB6B7C /* Resources */,
			);
			buildRules = (
			);
			dependencies = (
			);
			name = DittoCommunity;
			packageProductDependencies = (
				FBDDEFC22B11C75400CB6B7C /* MightyCombine */,
				FBDDEFC42B11C75400CB6B7C /* MightySwift */,
			);
			productName = DittoCommunity;
			productReference = FBDDEFB02B11C6D500CB6B7C /* DittoCommunity.app */;
			productType = "com.apple.product-type.application";
		};
/* End PBXNativeTarget section */

/* Begin PBXProject section */
		FBDDEFA82B11C6D500CB6B7C /* Project object */ = {
			isa = PBXProject;
			attributes = {
				BuildIndependentTargetsInParallel = 1;
				LastSwiftUpdateCheck = 1500;
				LastUpgradeCheck = 1500;
				TargetAttributes = {
					FBDDEFAF2B11C6D500CB6B7C = {
						CreatedOnToolsVersion = 15.0;
					};
				};
			};
			buildConfigurationList = FBDDEFAB2B11C6D500CB6B7C /* Build configuration list for PBXProject "DittoCommunity" */;
			compatibilityVersion = "Xcode 14.0";
			developmentRegion = en;
			hasScannedForEncodings = 0;
			knownRegions = (
				en,
				Base,
			);
			mainGroup = FBDDEFA72B11C6D500CB6B7C;
			packageReferences = (
				FBDDEFC12B11C75400CB6B7C /* XCRemoteSwiftPackageReference "MightyCombine" */,
			);
			productRefGroup = FBDDEFB12B11C6D500CB6B7C /* Products */;
			projectDirPath = "";
			projectRoot = "";
			targets = (
				FBDDEFAF2B11C6D500CB6B7C /* DittoCommunity */,
			);
		};
/* End PBXProject section */

/* Begin PBXResourcesBuildPhase section */
		FBDDEFAE2B11C6D500CB6B7C /* Resources */ = {
			isa = PBXResourcesBuildPhase;
			buildActionMask = 2147483647;
			files = (
				FBDDEFBB2B11C6D600CB6B7C /* Preview Assets.xcassets in Resources */,
				3B3F228D2B11D7DC00351261 /* Pretendard-Bold.otf in Resources */,
				3B3F22912B11D80600351261 /* Pretendard-Regular.otf in Resources */,
				FBDDEFB82B11C6D600CB6B7C /* Assets.xcassets in Resources */,
				3B3F228F2B11D7FB00351261 /* Pretendard-SemiBold.otf in Resources */,
			);
			runOnlyForDeploymentPostprocessing = 0;
		};
/* End PBXResourcesBuildPhase section */

/* Begin PBXSourcesBuildPhase section */
		FBDDEFAC2B11C6D500CB6B7C /* Sources */ = {
			isa = PBXSourcesBuildPhase;
			buildActionMask = 2147483647;
			files = (
				FBDDEFF32B122D2C00CB6B7C /* FeedCellView.swift in Sources */,
				FBDDF0022B12349B00CB6B7C /* UIApplication+.swift in Sources */,
				FBDDF00C2B124A4200CB6B7C /* DetailFeed.swift in Sources */,
				3BF500442B1223E90061DABF /* OtherProfile.swift in Sources */,
				6C3EB0482B120483002D29C6 /* ActionSheetView.swift in Sources */,
				FBB1DA0A2B125CD800E8C57A /* View+Redacted.swift in Sources */,
				FBDDF0062B123DD200CB6B7C /* View+ScrollOffset.swift in Sources */,
				FBDDEFB42B11C6D500CB6B7C /* DittoCommunityApp.swift in Sources */,
				FBB1DA0D2B12607E00E8C57A /* FeedDetailViewModel.swift in Sources */,
				FBDDEFD72B11DA9D00CB6B7C /* Profile.swift in Sources */,
				FBDDEFF12B12253200CB6B7C /* HomeViewModel.swift in Sources */,
				FBDDEFE02B11DF3100CB6B7C /* Icon.swift in Sources */,
				6C3EB04E2B121CF9002D29C6 /* CustomNavigationBar.swift in Sources */,
				FBDDEFD02B11D2E500CB6B7C /* Color+DesignSystem.swift in Sources */,
				FBDDEFED2B12155500CB6B7C /* UIscreen+ScreenSize.swift in Sources */,
				FBDDEFDC2B11DC8E00CB6B7C /* SympathyTestView.swift in Sources */,
				FBDDEFE72B11E97F00CB6B7C /* Color+Hex.swift in Sources */,
				FBDDF00A2B124A2B00CB6B7C /* FeedDetailView.swift in Sources */,
				FBDDF0082B1245BE00CB6B7C /* MainTabViewModel.swift in Sources */,
				FBDDEFCD2B11CCB700CB6B7C /* MainTabView.swift in Sources */,
				FBDDF0042B12361E00CB6B7C /* ObservableScrollView.swift in Sources */,
				FBDDEFF62B1230E100CB6B7C /* FeedAPI.swift in Sources */,
				FBDDEFE92B11EE3C00CB6B7C /* UINavigationController+UIGestureRecognizerDelegate.swift in Sources */,
				FBDDEFD22B11D2F100CB6B7C /* Font+DesignSystem.swift in Sources */,
				FBDDEFE32B11E60D00CB6B7C /* LoginView.swift in Sources */,
				FBDDEFEF2B121E8400CB6B7C /* HomeView.swift in Sources */,
				FBDDEFF92B1231A700CB6B7C /* ListFeed.swift in Sources */,
				FBDDEFDE2B11DE5800CB6B7C /* LoginViewModel.swift in Sources */,
				FBDDEFEB2B12113600CB6B7C /* TestFinishView.swift in Sources */,
				6C3EB0422B11E170002D29C6 /* CategoryModalView.swift in Sources */,
				6C3EB0462B11E9DD002D29C6 /* CustomAlertView.swift in Sources */,
				FBDDEFD22B11D2F100CB6B7C /* Font+DesignSystem.swift in Sources */,
				6C3EB03E2B11E070002D29C6 /* TestCompleteModalView.swift in Sources */,
			);
			runOnlyForDeploymentPostprocessing = 0;
		};
/* End PBXSourcesBuildPhase section */

/* Begin XCBuildConfiguration section */
		FBDDEFBC2B11C6D600CB6B7C /* Debug */ = {
			isa = XCBuildConfiguration;
			buildSettings = {
				ALWAYS_SEARCH_USER_PATHS = NO;
				ASSETCATALOG_COMPILER_GENERATE_SWIFT_ASSET_SYMBOL_EXTENSIONS = YES;
				CLANG_ANALYZER_NONNULL = YES;
				CLANG_ANALYZER_NUMBER_OBJECT_CONVERSION = YES_AGGRESSIVE;
				CLANG_CXX_LANGUAGE_STANDARD = "gnu++20";
				CLANG_ENABLE_MODULES = YES;
				CLANG_ENABLE_OBJC_ARC = YES;
				CLANG_ENABLE_OBJC_WEAK = YES;
				CLANG_WARN_BLOCK_CAPTURE_AUTORELEASING = YES;
				CLANG_WARN_BOOL_CONVERSION = YES;
				CLANG_WARN_COMMA = YES;
				CLANG_WARN_CONSTANT_CONVERSION = YES;
				CLANG_WARN_DEPRECATED_OBJC_IMPLEMENTATIONS = YES;
				CLANG_WARN_DIRECT_OBJC_ISA_USAGE = YES_ERROR;
				CLANG_WARN_DOCUMENTATION_COMMENTS = YES;
				CLANG_WARN_EMPTY_BODY = YES;
				CLANG_WARN_ENUM_CONVERSION = YES;
				CLANG_WARN_INFINITE_RECURSION = YES;
				CLANG_WARN_INT_CONVERSION = YES;
				CLANG_WARN_NON_LITERAL_NULL_CONVERSION = YES;
				CLANG_WARN_OBJC_IMPLICIT_RETAIN_SELF = YES;
				CLANG_WARN_OBJC_LITERAL_CONVERSION = YES;
				CLANG_WARN_OBJC_ROOT_CLASS = YES_ERROR;
				CLANG_WARN_QUOTED_INCLUDE_IN_FRAMEWORK_HEADER = YES;
				CLANG_WARN_RANGE_LOOP_ANALYSIS = YES;
				CLANG_WARN_STRICT_PROTOTYPES = YES;
				CLANG_WARN_SUSPICIOUS_MOVE = YES;
				CLANG_WARN_UNGUARDED_AVAILABILITY = YES_AGGRESSIVE;
				CLANG_WARN_UNREACHABLE_CODE = YES;
				CLANG_WARN__DUPLICATE_METHOD_MATCH = YES;
				COPY_PHASE_STRIP = NO;
				DEBUG_INFORMATION_FORMAT = dwarf;
				ENABLE_STRICT_OBJC_MSGSEND = YES;
				ENABLE_TESTABILITY = YES;
				ENABLE_USER_SCRIPT_SANDBOXING = YES;
				GCC_C_LANGUAGE_STANDARD = gnu17;
				GCC_DYNAMIC_NO_PIC = NO;
				GCC_NO_COMMON_BLOCKS = YES;
				GCC_OPTIMIZATION_LEVEL = 0;
				GCC_PREPROCESSOR_DEFINITIONS = (
					"DEBUG=1",
					"$(inherited)",
				);
				GCC_WARN_64_TO_32_BIT_CONVERSION = YES;
				GCC_WARN_ABOUT_RETURN_TYPE = YES_ERROR;
				GCC_WARN_UNDECLARED_SELECTOR = YES;
				GCC_WARN_UNINITIALIZED_AUTOS = YES_AGGRESSIVE;
				GCC_WARN_UNUSED_FUNCTION = YES;
				GCC_WARN_UNUSED_VARIABLE = YES;
				IPHONEOS_DEPLOYMENT_TARGET = 17.0;
				LOCALIZATION_PREFERS_STRING_CATALOGS = YES;
				MTL_ENABLE_DEBUG_INFO = INCLUDE_SOURCE;
				MTL_FAST_MATH = YES;
				ONLY_ACTIVE_ARCH = YES;
				SDKROOT = iphoneos;
				SWIFT_ACTIVE_COMPILATION_CONDITIONS = "DEBUG $(inherited)";
				SWIFT_OPTIMIZATION_LEVEL = "-Onone";
			};
			name = Debug;
		};
		FBDDEFBD2B11C6D600CB6B7C /* Release */ = {
			isa = XCBuildConfiguration;
			buildSettings = {
				ALWAYS_SEARCH_USER_PATHS = NO;
				ASSETCATALOG_COMPILER_GENERATE_SWIFT_ASSET_SYMBOL_EXTENSIONS = YES;
				CLANG_ANALYZER_NONNULL = YES;
				CLANG_ANALYZER_NUMBER_OBJECT_CONVERSION = YES_AGGRESSIVE;
				CLANG_CXX_LANGUAGE_STANDARD = "gnu++20";
				CLANG_ENABLE_MODULES = YES;
				CLANG_ENABLE_OBJC_ARC = YES;
				CLANG_ENABLE_OBJC_WEAK = YES;
				CLANG_WARN_BLOCK_CAPTURE_AUTORELEASING = YES;
				CLANG_WARN_BOOL_CONVERSION = YES;
				CLANG_WARN_COMMA = YES;
				CLANG_WARN_CONSTANT_CONVERSION = YES;
				CLANG_WARN_DEPRECATED_OBJC_IMPLEMENTATIONS = YES;
				CLANG_WARN_DIRECT_OBJC_ISA_USAGE = YES_ERROR;
				CLANG_WARN_DOCUMENTATION_COMMENTS = YES;
				CLANG_WARN_EMPTY_BODY = YES;
				CLANG_WARN_ENUM_CONVERSION = YES;
				CLANG_WARN_INFINITE_RECURSION = YES;
				CLANG_WARN_INT_CONVERSION = YES;
				CLANG_WARN_NON_LITERAL_NULL_CONVERSION = YES;
				CLANG_WARN_OBJC_IMPLICIT_RETAIN_SELF = YES;
				CLANG_WARN_OBJC_LITERAL_CONVERSION = YES;
				CLANG_WARN_OBJC_ROOT_CLASS = YES_ERROR;
				CLANG_WARN_QUOTED_INCLUDE_IN_FRAMEWORK_HEADER = YES;
				CLANG_WARN_RANGE_LOOP_ANALYSIS = YES;
				CLANG_WARN_STRICT_PROTOTYPES = YES;
				CLANG_WARN_SUSPICIOUS_MOVE = YES;
				CLANG_WARN_UNGUARDED_AVAILABILITY = YES_AGGRESSIVE;
				CLANG_WARN_UNREACHABLE_CODE = YES;
				CLANG_WARN__DUPLICATE_METHOD_MATCH = YES;
				COPY_PHASE_STRIP = NO;
				DEBUG_INFORMATION_FORMAT = "dwarf-with-dsym";
				ENABLE_NS_ASSERTIONS = NO;
				ENABLE_STRICT_OBJC_MSGSEND = YES;
				ENABLE_USER_SCRIPT_SANDBOXING = YES;
				GCC_C_LANGUAGE_STANDARD = gnu17;
				GCC_NO_COMMON_BLOCKS = YES;
				GCC_WARN_64_TO_32_BIT_CONVERSION = YES;
				GCC_WARN_ABOUT_RETURN_TYPE = YES_ERROR;
				GCC_WARN_UNDECLARED_SELECTOR = YES;
				GCC_WARN_UNINITIALIZED_AUTOS = YES_AGGRESSIVE;
				GCC_WARN_UNUSED_FUNCTION = YES;
				GCC_WARN_UNUSED_VARIABLE = YES;
				IPHONEOS_DEPLOYMENT_TARGET = 17.0;
				LOCALIZATION_PREFERS_STRING_CATALOGS = YES;
				MTL_ENABLE_DEBUG_INFO = NO;
				MTL_FAST_MATH = YES;
				SDKROOT = iphoneos;
				SWIFT_COMPILATION_MODE = wholemodule;
				VALIDATE_PRODUCT = YES;
			};
			name = Release;
		};
		FBDDEFBF2B11C6D600CB6B7C /* Debug */ = {
			isa = XCBuildConfiguration;
			buildSettings = {
				ASSETCATALOG_COMPILER_APPICON_NAME = AppIcon;
				ASSETCATALOG_COMPILER_GLOBAL_ACCENT_COLOR_NAME = AccentColor;
				CODE_SIGN_STYLE = Automatic;
				CURRENT_PROJECT_VERSION = 1;
				DEVELOPMENT_ASSET_PATHS = "\"DittoCommunity/Preview Content\"";
				DEVELOPMENT_TEAM = 76AJ433CP5;
				ENABLE_PREVIEWS = YES;
				GENERATE_INFOPLIST_FILE = YES;
				INFOPLIST_FILE = DittoCommunity/Info.plist;
				INFOPLIST_KEY_CFBundleDisplayName = "\"\"";
				INFOPLIST_KEY_LSApplicationCategoryType = "";
				INFOPLIST_KEY_UIApplicationSceneManifest_Generation = YES;
				INFOPLIST_KEY_UIApplicationSupportsIndirectInputEvents = YES;
				INFOPLIST_KEY_UILaunchScreen_Generation = YES;
				INFOPLIST_KEY_UISupportedInterfaceOrientations = UIInterfaceOrientationPortrait;
				INFOPLIST_KEY_UISupportedInterfaceOrientations_iPad = "UIInterfaceOrientationLandscapeLeft UIInterfaceOrientationLandscapeRight UIInterfaceOrientationPortrait UIInterfaceOrientationPortraitUpsideDown";
				INFOPLIST_KEY_UIUserInterfaceStyle = Light;
				IPHONEOS_DEPLOYMENT_TARGET = 16.0;
				LD_RUNPATH_SEARCH_PATHS = (
					"$(inherited)",
					"@executable_path/Frameworks",
				);
				MARKETING_VERSION = 1.0;
				PRODUCT_BUNDLE_IDENTIFIER = kim.DittoCommunity;
				PRODUCT_NAME = "$(TARGET_NAME)";
				SUPPORTED_PLATFORMS = "iphoneos iphonesimulator";
				SUPPORTS_MACCATALYST = NO;
				SUPPORTS_MAC_DESIGNED_FOR_IPHONE_IPAD = NO;
				SWIFT_EMIT_LOC_STRINGS = YES;
				SWIFT_VERSION = 5.0;
				TARGETED_DEVICE_FAMILY = 1;
			};
			name = Debug;
		};
		FBDDEFC02B11C6D600CB6B7C /* Release */ = {
			isa = XCBuildConfiguration;
			buildSettings = {
				ASSETCATALOG_COMPILER_APPICON_NAME = AppIcon;
				ASSETCATALOG_COMPILER_GLOBAL_ACCENT_COLOR_NAME = AccentColor;
				CODE_SIGN_STYLE = Automatic;
				CURRENT_PROJECT_VERSION = 1;
				DEVELOPMENT_ASSET_PATHS = "\"DittoCommunity/Preview Content\"";
				DEVELOPMENT_TEAM = 76AJ433CP5;
				ENABLE_PREVIEWS = YES;
				GENERATE_INFOPLIST_FILE = YES;
				INFOPLIST_FILE = DittoCommunity/Info.plist;
				INFOPLIST_KEY_CFBundleDisplayName = "\"\"";
				INFOPLIST_KEY_LSApplicationCategoryType = "";
				INFOPLIST_KEY_UIApplicationSceneManifest_Generation = YES;
				INFOPLIST_KEY_UIApplicationSupportsIndirectInputEvents = YES;
				INFOPLIST_KEY_UILaunchScreen_Generation = YES;
				INFOPLIST_KEY_UISupportedInterfaceOrientations = UIInterfaceOrientationPortrait;
				INFOPLIST_KEY_UISupportedInterfaceOrientations_iPad = "UIInterfaceOrientationLandscapeLeft UIInterfaceOrientationLandscapeRight UIInterfaceOrientationPortrait UIInterfaceOrientationPortraitUpsideDown";
				INFOPLIST_KEY_UIUserInterfaceStyle = Light;
				IPHONEOS_DEPLOYMENT_TARGET = 16.0;
				LD_RUNPATH_SEARCH_PATHS = (
					"$(inherited)",
					"@executable_path/Frameworks",
				);
				MARKETING_VERSION = 1.0;
				PRODUCT_BUNDLE_IDENTIFIER = kim.DittoCommunity;
				PRODUCT_NAME = "$(TARGET_NAME)";
				SUPPORTED_PLATFORMS = "iphoneos iphonesimulator";
				SUPPORTS_MACCATALYST = NO;
				SUPPORTS_MAC_DESIGNED_FOR_IPHONE_IPAD = NO;
				SWIFT_EMIT_LOC_STRINGS = YES;
				SWIFT_VERSION = 5.0;
				TARGETED_DEVICE_FAMILY = 1;
			};
			name = Release;
		};
/* End XCBuildConfiguration section */

/* Begin XCConfigurationList section */
		FBDDEFAB2B11C6D500CB6B7C /* Build configuration list for PBXProject "DittoCommunity" */ = {
			isa = XCConfigurationList;
			buildConfigurations = (
				FBDDEFBC2B11C6D600CB6B7C /* Debug */,
				FBDDEFBD2B11C6D600CB6B7C /* Release */,
			);
			defaultConfigurationIsVisible = 0;
			defaultConfigurationName = Release;
		};
		FBDDEFBE2B11C6D600CB6B7C /* Build configuration list for PBXNativeTarget "DittoCommunity" */ = {
			isa = XCConfigurationList;
			buildConfigurations = (
				FBDDEFBF2B11C6D600CB6B7C /* Debug */,
				FBDDEFC02B11C6D600CB6B7C /* Release */,
			);
			defaultConfigurationIsVisible = 0;
			defaultConfigurationName = Release;
		};
/* End XCConfigurationList section */

/* Begin XCRemoteSwiftPackageReference section */
		FBDDEFC12B11C75400CB6B7C /* XCRemoteSwiftPackageReference "MightyCombine" */ = {
			isa = XCRemoteSwiftPackageReference;
			repositoryURL = "https://github.com/MightyCombine/MightyCombine.git";
			requirement = {
				kind = upToNextMajorVersion;
				minimumVersion = 1.1.3;
			};
		};
/* End XCRemoteSwiftPackageReference section */

/* Begin XCSwiftPackageProductDependency section */
		FBDDEFC22B11C75400CB6B7C /* MightyCombine */ = {
			isa = XCSwiftPackageProductDependency;
			package = FBDDEFC12B11C75400CB6B7C /* XCRemoteSwiftPackageReference "MightyCombine" */;
			productName = MightyCombine;
		};
		FBDDEFC42B11C75400CB6B7C /* MightySwift */ = {
			isa = XCSwiftPackageProductDependency;
			package = FBDDEFC12B11C75400CB6B7C /* XCRemoteSwiftPackageReference "MightyCombine" */;
			productName = MightySwift;
		};
/* End XCSwiftPackageProductDependency section */
	};
	rootObject = FBDDEFA82B11C6D500CB6B7C /* Project object */;
}
